// !$*UTF8*$!
{
	archiveVersion = 1;
	classes = {
	};
	objectVersion = 50;
	objects = {

/* Begin PBXBuildFile section */
		0AA3187023E148260033FF18 /* AppDelegate.swift in Sources */ = {isa = PBXBuildFile; fileRef = 0AA3186F23E148260033FF18 /* AppDelegate.swift */; };
		0AA3187223E148260033FF18 /* ViewController.swift in Sources */ = {isa = PBXBuildFile; fileRef = 0AA3187123E148260033FF18 /* ViewController.swift */; };
		0AA3187523E148260033FF18 /* Main.storyboard in Resources */ = {isa = PBXBuildFile; fileRef = 0AA3187323E148260033FF18 /* Main.storyboard */; };
		0AA3187723E148280033FF18 /* Assets.xcassets in Resources */ = {isa = PBXBuildFile; fileRef = 0AA3187623E148280033FF18 /* Assets.xcassets */; };
		0AA3187A23E148280033FF18 /* LaunchScreen.storyboard in Resources */ = {isa = PBXBuildFile; fileRef = 0AA3187823E148280033FF18 /* LaunchScreen.storyboard */; };
		0AA3188523E148280033FF18 /* HBO_NowTests.swift in Sources */ = {isa = PBXBuildFile; fileRef = 0AA3188423E148280033FF18 /* HBO_NowTests.swift */; };
		0AA3189023E148280033FF18 /* HBO_NowUITests.swift in Sources */ = {isa = PBXBuildFile; fileRef = 0AA3188F23E148280033FF18 /* HBO_NowUITests.swift */; };
/* End PBXBuildFile section */

/* Begin PBXContainerItemProxy section */
		0AA3188123E148280033FF18 /* PBXContainerItemProxy */ = {
			isa = PBXContainerItemProxy;
			containerPortal = 0AA3186423E148260033FF18 /* Project object */;
			proxyType = 1;
			remoteGlobalIDString = 0AA3186B23E148260033FF18;
			remoteInfo = HBO_Now;
		};
		0AA3188C23E148280033FF18 /* PBXContainerItemProxy */ = {
			isa = PBXContainerItemProxy;
			containerPortal = 0AA3186423E148260033FF18 /* Project object */;
			proxyType = 1;
			remoteGlobalIDString = 0AA3186B23E148260033FF18;
			remoteInfo = HBO_Now;
		};
/* End PBXContainerItemProxy section */

/* Begin PBXFileReference section */
		0AA3186C23E148260033FF18 /* HBO_Now.app */ = {isa = PBXFileReference; explicitFileType = wrapper.application; includeInIndex = 0; path = HBO_Now.app; sourceTree = BUILT_PRODUCTS_DIR; };
		0AA3186F23E148260033FF18 /* AppDelegate.swift */ = {isa = PBXFileReference; lastKnownFileType = sourcecode.swift; path = AppDelegate.swift; sourceTree = "<group>"; };
		0AA3187123E148260033FF18 /* ViewController.swift */ = {isa = PBXFileReference; lastKnownFileType = sourcecode.swift; path = ViewController.swift; sourceTree = "<group>"; };
		0AA3187423E148260033FF18 /* Base */ = {isa = PBXFileReference; lastKnownFileType = file.storyboard; name = Base; path = Base.lproj/Main.storyboard; sourceTree = "<group>"; };
		0AA3187623E148280033FF18 /* Assets.xcassets */ = {isa = PBXFileReference; lastKnownFileType = folder.assetcatalog; path = Assets.xcassets; sourceTree = "<group>"; };
		0AA3187923E148280033FF18 /* Base */ = {isa = PBXFileReference; lastKnownFileType = file.storyboard; name = Base; path = Base.lproj/LaunchScreen.storyboard; sourceTree = "<group>"; };
		0AA3187B23E148280033FF18 /* Info.plist */ = {isa = PBXFileReference; lastKnownFileType = text.plist.xml; path = Info.plist; sourceTree = "<group>"; };
		0AA3188023E148280033FF18 /* HBO_NowTests.xctest */ = {isa = PBXFileReference; explicitFileType = wrapper.cfbundle; includeInIndex = 0; path = HBO_NowTests.xctest; sourceTree = BUILT_PRODUCTS_DIR; };
		0AA3188423E148280033FF18 /* HBO_NowTests.swift */ = {isa = PBXFileReference; lastKnownFileType = sourcecode.swift; path = HBO_NowTests.swift; sourceTree = "<group>"; };
		0AA3188623E148280033FF18 /* Info.plist */ = {isa = PBXFileReference; lastKnownFileType = text.plist.xml; path = Info.plist; sourceTree = "<group>"; };
		0AA3188B23E148280033FF18 /* HBO_NowUITests.xctest */ = {isa = PBXFileReference; explicitFileType = wrapper.cfbundle; includeInIndex = 0; path = HBO_NowUITests.xctest; sourceTree = BUILT_PRODUCTS_DIR; };
		0AA3188F23E148280033FF18 /* HBO_NowUITests.swift */ = {isa = PBXFileReference; lastKnownFileType = sourcecode.swift; path = HBO_NowUITests.swift; sourceTree = "<group>"; };
		0AA3189123E148280033FF18 /* Info.plist */ = {isa = PBXFileReference; lastKnownFileType = text.plist.xml; path = Info.plist; sourceTree = "<group>"; };
/* End PBXFileReference section */

/* Begin PBXFrameworksBuildPhase section */
		0AA3186923E148260033FF18 /* Frameworks */ = {
			isa = PBXFrameworksBuildPhase;
			buildActionMask = 2147483647;
			files = (
			);
			runOnlyForDeploymentPostprocessing = 0;
		};
		0AA3187D23E148280033FF18 /* Frameworks */ = {
			isa = PBXFrameworksBuildPhase;
			buildActionMask = 2147483647;
			files = (
			);
			runOnlyForDeploymentPostprocessing = 0;
		};
		0AA3188823E148280033FF18 /* Frameworks */ = {
			isa = PBXFrameworksBuildPhase;
			buildActionMask = 2147483647;
			files = (
			);
			runOnlyForDeploymentPostprocessing = 0;
		};
/* End PBXFrameworksBuildPhase section */

/* Begin PBXGroup section */
		0AA3186323E148260033FF18 = {
			isa = PBXGroup;
			children = (
				0AA3186E23E148260033FF18 /* HBO_Now */,
				0AA3188323E148280033FF18 /* HBO_NowTests */,
				0AA3188E23E148280033FF18 /* HBO_NowUITests */,
				0AA3186D23E148260033FF18 /* Products */,
			);
			sourceTree = "<group>";
		};
		0AA3186D23E148260033FF18 /* Products */ = {
			isa = PBXGroup;
			children = (
				0AA3186C23E148260033FF18 /* HBO_Now.app */,
				0AA3188023E148280033FF18 /* HBO_NowTests.xctest */,
				0AA3188B23E148280033FF18 /* HBO_NowUITests.xctest */,
			);
			name = Products;
			sourceTree = "<group>";
		};
		0AA3186E23E148260033FF18 /* HBO_Now */ = {
			isa = PBXGroup;
			children = (
				0AA3186F23E148260033FF18 /* AppDelegate.swift */,
				0AA3187123E148260033FF18 /* ViewController.swift */,
				0AA3187323E148260033FF18 /* Main.storyboard */,
				0AA3187623E148280033FF18 /* Assets.xcassets */,
				0AA3187823E148280033FF18 /* LaunchScreen.storyboard */,
				0AA3187B23E148280033FF18 /* Info.plist */,
			);
			path = HBO_Now;
			sourceTree = "<group>";
		};
		0AA3188323E148280033FF18 /* HBO_NowTests */ = {
			isa = PBXGroup;
			children = (
				0AA3188423E148280033FF18 /* HBO_NowTests.swift */,
				0AA3188623E148280033FF18 /* Info.plist */,
			);
			path = HBO_NowTests;
			sourceTree = "<group>";
		};
		0AA3188E23E148280033FF18 /* HBO_NowUITests */ = {
			isa = PBXGroup;
			children = (
				0AA3188F23E148280033FF18 /* HBO_NowUITests.swift */,
				0AA3189123E148280033FF18 /* Info.plist */,
			);
			path = HBO_NowUITests;
			sourceTree = "<group>";
		};
/* End PBXGroup section */

/* Begin PBXNativeTarget section */
		0AA3186B23E148260033FF18 /* HBO_Now */ = {
			isa = PBXNativeTarget;
			buildConfigurationList = 0AA3189423E148280033FF18 /* Build configuration list for PBXNativeTarget "HBO_Now" */;
			buildPhases = (
				0AA3186823E148260033FF18 /* Sources */,
				0AA3186923E148260033FF18 /* Frameworks */,
				0AA3186A23E148260033FF18 /* Resources */,
			);
			buildRules = (
			);
			dependencies = (
			);
			name = HBO_Now;
			productName = HBO_Now;
			productReference = 0AA3186C23E148260033FF18 /* HBO_Now.app */;
			productType = "com.apple.product-type.application";
		};
		0AA3187F23E148280033FF18 /* HBO_NowTests */ = {
			isa = PBXNativeTarget;
			buildConfigurationList = 0AA3189723E148280033FF18 /* Build configuration list for PBXNativeTarget "HBO_NowTests" */;
			buildPhases = (
				0AA3187C23E148280033FF18 /* Sources */,
				0AA3187D23E148280033FF18 /* Frameworks */,
				0AA3187E23E148280033FF18 /* Resources */,
			);
			buildRules = (
			);
			dependencies = (
				0AA3188223E148280033FF18 /* PBXTargetDependency */,
			);
			name = HBO_NowTests;
			productName = HBO_NowTests;
			productReference = 0AA3188023E148280033FF18 /* HBO_NowTests.xctest */;
			productType = "com.apple.product-type.bundle.unit-test";
		};
		0AA3188A23E148280033FF18 /* HBO_NowUITests */ = {
			isa = PBXNativeTarget;
			buildConfigurationList = 0AA3189A23E148280033FF18 /* Build configuration list for PBXNativeTarget "HBO_NowUITests" */;
			buildPhases = (
				0AA3188723E148280033FF18 /* Sources */,
				0AA3188823E148280033FF18 /* Frameworks */,
				0AA3188923E148280033FF18 /* Resources */,
			);
			buildRules = (
			);
			dependencies = (
				0AA3188D23E148280033FF18 /* PBXTargetDependency */,
			);
			name = HBO_NowUITests;
			productName = HBO_NowUITests;
			productReference = 0AA3188B23E148280033FF18 /* HBO_NowUITests.xctest */;
			productType = "com.apple.product-type.bundle.ui-testing";
		};
/* End PBXNativeTarget section */

/* Begin PBXProject section */
		0AA3186423E148260033FF18 /* Project object */ = {
			isa = PBXProject;
			attributes = {
				LastSwiftUpdateCheck = 1030;
				LastUpgradeCheck = 1030;
				ORGANIZATIONNAME = "Gayani Madubhashini";
				TargetAttributes = {
					0AA3186B23E148260033FF18 = {
						CreatedOnToolsVersion = 10.3;
					};
					0AA3187F23E148280033FF18 = {
						CreatedOnToolsVersion = 10.3;
						TestTargetID = 0AA3186B23E148260033FF18;
					};
					0AA3188A23E148280033FF18 = {
						CreatedOnToolsVersion = 10.3;
						TestTargetID = 0AA3186B23E148260033FF18;
					};
				};
			};
			buildConfigurationList = 0AA3186723E148260033FF18 /* Build configuration list for PBXProject "HBO_Now" */;
			compatibilityVersion = "Xcode 9.3";
			developmentRegion = en;
			hasScannedForEncodings = 0;
			knownRegions = (
				en,
				Base,
			);
			mainGroup = 0AA3186323E148260033FF18;
			productRefGroup = 0AA3186D23E148260033FF18 /* Products */;
			projectDirPath = "";
			projectRoot = "";
			targets = (
				0AA3186B23E148260033FF18 /* HBO_Now */,
				0AA3187F23E148280033FF18 /* HBO_NowTests */,
				0AA3188A23E148280033FF18 /* HBO_NowUITests */,
			);
		};
/* End PBXProject section */

/* Begin PBXResourcesBuildPhase section */
		0AA3186A23E148260033FF18 /* Resources */ = {
			isa = PBXResourcesBuildPhase;
			buildActionMask = 2147483647;
			files = (
				0AA3187A23E148280033FF18 /* LaunchScreen.storyboard in Resources */,
				0AA3187723E148280033FF18 /* Assets.xcassets in Resources */,
				0AA3187523E148260033FF18 /* Main.storyboard in Resources */,
			);
			runOnlyForDeploymentPostprocessing = 0;
		};
		0AA3187E23E148280033FF18 /* Resources */ = {
			isa = PBXResourcesBuildPhase;
			buildActionMask = 2147483647;
			files = (
			);
			runOnlyForDeploymentPostprocessing = 0;
		};
		0AA3188923E148280033FF18 /* Resources */ = {
			isa = PBXResourcesBuildPhase;
			buildActionMask = 2147483647;
			files = (
			);
			runOnlyForDeploymentPostprocessing = 0;
		};
/* End PBXResourcesBuildPhase section */

/* Begin PBXSourcesBuildPhase section */
		0AA3186823E148260033FF18 /* Sources */ = {
			isa = PBXSourcesBuildPhase;
			buildActionMask = 2147483647;
			files = (
				0AA3187223E148260033FF18 /* ViewController.swift in Sources */,
				0AA3187023E148260033FF18 /* AppDelegate.swift in Sources */,
			);
			runOnlyForDeploymentPostprocessing = 0;
		};
		0AA3187C23E148280033FF18 /* Sources */ = {
			isa = PBXSourcesBuildPhase;
			buildActionMask = 2147483647;
			files = (
				0AA3188523E148280033FF18 /* HBO_NowTests.swift in Sources */,
			);
			runOnlyForDeploymentPostprocessing = 0;
		};
		0AA3188723E148280033FF18 /* Sources */ = {
			isa = PBXSourcesBuildPhase;
			buildActionMask = 2147483647;
			files = (
				0AA3189023E148280033FF18 /* HBO_NowUITests.swift in Sources */,
			);
			runOnlyForDeploymentPostprocessing = 0;
		};
/* End PBXSourcesBuildPhase section */

/* Begin PBXTargetDependency section */
		0AA3188223E148280033FF18 /* PBXTargetDependency */ = {
			isa = PBXTargetDependency;
			target = 0AA3186B23E148260033FF18 /* HBO_Now */;
			targetProxy = 0AA3188123E148280033FF18 /* PBXContainerItemProxy */;
		};
		0AA3188D23E148280033FF18 /* PBXTargetDependency */ = {
			isa = PBXTargetDependency;
			target = 0AA3186B23E148260033FF18 /* HBO_Now */;
			targetProxy = 0AA3188C23E148280033FF18 /* PBXContainerItemProxy */;
		};
/* End PBXTargetDependency section */

/* Begin PBXVariantGroup section */
		0AA3187323E148260033FF18 /* Main.storyboard */ = {
			isa = PBXVariantGroup;
			children = (
				0AA3187423E148260033FF18 /* Base */,
			);
			name = Main.storyboard;
			sourceTree = "<group>";
		};
		0AA3187823E148280033FF18 /* LaunchScreen.storyboard */ = {
			isa = PBXVariantGroup;
			children = (
				0AA3187923E148280033FF18 /* Base */,
			);
			name = LaunchScreen.storyboard;
			sourceTree = "<group>";
		};
/* End PBXVariantGroup section */

/* Begin XCBuildConfiguration section */
		0AA3189223E148280033FF18 /* Debug */ = {
			isa = XCBuildConfiguration;
			buildSettings = {
				ALWAYS_SEARCH_USER_PATHS = NO;
				CLANG_ANALYZER_NONNULL = YES;
				CLANG_ANALYZER_NUMBER_OBJECT_CONVERSION = YES_AGGRESSIVE;
				CLANG_CXX_LANGUAGE_STANDARD = "gnu++14";
				CLANG_CXX_LIBRARY = "libc++";
				CLANG_ENABLE_MODULES = YES;
				CLANG_ENABLE_OBJC_ARC = YES;
				CLANG_ENABLE_OBJC_WEAK = YES;
				CLANG_WARN_BLOCK_CAPTURE_AUTORELEASING = YES;
				CLANG_WARN_BOOL_CONVERSION = YES;
				CLANG_WARN_COMMA = YES;
				CLANG_WARN_CONSTANT_CONVERSION = YES;
				CLANG_WARN_DEPRECATED_OBJC_IMPLEMENTATIONS = YES;
				CLANG_WARN_DIRECT_OBJC_ISA_USAGE = YES_ERROR;
				CLANG_WARN_DOCUMENTATION_COMMENTS = YES;
				CLANG_WARN_EMPTY_BODY = YES;
				CLANG_WARN_ENUM_CONVERSION = YES;
				CLANG_WARN_INFINITE_RECURSION = YES;
				CLANG_WARN_INT_CONVERSION = YES;
				CLANG_WARN_NON_LITERAL_NULL_CONVERSION = YES;
				CLANG_WARN_OBJC_IMPLICIT_RETAIN_SELF = YES;
				CLANG_WARN_OBJC_LITERAL_CONVERSION = YES;
				CLANG_WARN_OBJC_ROOT_CLASS = YES_ERROR;
				CLANG_WARN_RANGE_LOOP_ANALYSIS = YES;
				CLANG_WARN_STRICT_PROTOTYPES = YES;
				CLANG_WARN_SUSPICIOUS_MOVE = YES;
				CLANG_WARN_UNGUARDED_AVAILABILITY = YES_AGGRESSIVE;
				CLANG_WARN_UNREACHABLE_CODE = YES;
				CLANG_WARN__DUPLICATE_METHOD_MATCH = YES;
				CODE_SIGN_IDENTITY = "iPhone Developer";
				COPY_PHASE_STRIP = NO;
				DEBUG_INFORMATION_FORMAT = dwarf;
				ENABLE_STRICT_OBJC_MSGSEND = YES;
				ENABLE_TESTABILITY = YES;
				GCC_C_LANGUAGE_STANDARD = gnu11;
				GCC_DYNAMIC_NO_PIC = NO;
				GCC_NO_COMMON_BLOCKS = YES;
				GCC_OPTIMIZATION_LEVEL = 0;
				GCC_PREPROCESSOR_DEFINITIONS = (
					"DEBUG=1",
					"$(inherited)",
				);
				GCC_WARN_64_TO_32_BIT_CONVERSION = YES;
				GCC_WARN_ABOUT_RETURN_TYPE = YES_ERROR;
				GCC_WARN_UNDECLARED_SELECTOR = YES;
				GCC_WARN_UNINITIALIZED_AUTOS = YES_AGGRESSIVE;
				GCC_WARN_UNUSED_FUNCTION = YES;
				GCC_WARN_UNUSED_VARIABLE = YES;
				IPHONEOS_DEPLOYMENT_TARGET = 12.4;
				MTL_ENABLE_DEBUG_INFO = INCLUDE_SOURCE;
				MTL_FAST_MATH = YES;
				ONLY_ACTIVE_ARCH = YES;
				SDKROOT = iphoneos;
				SWIFT_ACTIVE_COMPILATION_CONDITIONS = DEBUG;
				SWIFT_OPTIMIZATION_LEVEL = "-Onone";
			};
			name = Debug;
		};
		0AA3189323E148280033FF18 /* Release */ = {
			isa = XCBuildConfiguration;
			buildSettings = {
				ALWAYS_SEARCH_USER_PATHS = NO;
				CLANG_ANALYZER_NONNULL = YES;
				CLANG_ANALYZER_NUMBER_OBJECT_CONVERSION = YES_AGGRESSIVE;
				CLANG_CXX_LANGUAGE_STANDARD = "gnu++14";
				CLANG_CXX_LIBRARY = "libc++";
				CLANG_ENABLE_MODULES = YES;
				CLANG_ENABLE_OBJC_ARC = YES;
				CLANG_ENABLE_OBJC_WEAK = YES;
				CLANG_WARN_BLOCK_CAPTURE_AUTORELEASING = YES;
				CLANG_WARN_BOOL_CONVERSION = YES;
				CLANG_WARN_COMMA = YES;
				CLANG_WARN_CONSTANT_CONVERSION = YES;
				CLANG_WARN_DEPRECATED_OBJC_IMPLEMENTATIONS = YES;
				CLANG_WARN_DIRECT_OBJC_ISA_USAGE = YES_ERROR;
				CLANG_WARN_DOCUMENTATION_COMMENTS = YES;
				CLANG_WARN_EMPTY_BODY = YES;
				CLANG_WARN_ENUM_CONVERSION = YES;
				CLANG_WARN_INFINITE_RECURSION = YES;
				CLANG_WARN_INT_CONVERSION = YES;
				CLANG_WARN_NON_LITERAL_NULL_CONVERSION = YES;
				CLANG_WARN_OBJC_IMPLICIT_RETAIN_SELF = YES;
				CLANG_WARN_OBJC_LITERAL_CONVERSION = YES;
				CLANG_WARN_OBJC_ROOT_CLASS = YES_ERROR;
				CLANG_WARN_RANGE_LOOP_ANALYSIS = YES;
				CLANG_WARN_STRICT_PROTOTYPES = YES;
				CLANG_WARN_SUSPICIOUS_MOVE = YES;
				CLANG_WARN_UNGUARDED_AVAILABILITY = YES_AGGRESSIVE;
				CLANG_WARN_UNREACHABLE_CODE = YES;
				CLANG_WARN__DUPLICATE_METHOD_MATCH = YES;
				CODE_SIGN_IDENTITY = "iPhone Developer";
				COPY_PHASE_STRIP = NO;
				DEBUG_INFORMATION_FORMAT = "dwarf-with-dsym";
				ENABLE_NS_ASSERTIONS = NO;
				ENABLE_STRICT_OBJC_MSGSEND = YES;
				GCC_C_LANGUAGE_STANDARD = gnu11;
				GCC_NO_COMMON_BLOCKS = YES;
				GCC_WARN_64_TO_32_BIT_CONVERSION = YES;
				GCC_WARN_ABOUT_RETURN_TYPE = YES_ERROR;
				GCC_WARN_UNDECLARED_SELECTOR = YES;
				GCC_WARN_UNINITIALIZED_AUTOS = YES_AGGRESSIVE;
				GCC_WARN_UNUSED_FUNCTION = YES;
				GCC_WARN_UNUSED_VARIABLE = YES;
				IPHONEOS_DEPLOYMENT_TARGET = 12.4;
				MTL_ENABLE_DEBUG_INFO = NO;
				MTL_FAST_MATH = YES;
				SDKROOT = iphoneos;
				SWIFT_COMPILATION_MODE = wholemodule;
				SWIFT_OPTIMIZATION_LEVEL = "-O";
				VALIDATE_PRODUCT = YES;
			};
			name = Release;
		};
		0AA3189523E148280033FF18 /* Debug */ = {
			isa = XCBuildConfiguration;
			buildSettings = {
				ASSETCATALOG_COMPILER_APPICON_NAME = AppIcon;
				CODE_SIGN_STYLE = Automatic;
				INFOPLIST_FILE = HBO_Now/Info.plist;
				LD_RUNPATH_SEARCH_PATHS = (
					"$(inherited)",
					"@executable_path/Frameworks",
				);
				PRODUCT_BUNDLE_IDENTIFIER = "com.nibm.dream.HBO-Now";
				PRODUCT_NAME = "$(TARGET_NAME)";
				SWIFT_VERSION = 5.0;
				TARGETED_DEVICE_FAMILY = "1,2";
			};
			name = Debug;
		};
		0AA3189623E148280033FF18 /* Release */ = {
			isa = XCBuildConfiguration;
			buildSettings = {
				ASSETCATALOG_COMPILER_APPICON_NAME = AppIcon;
				CODE_SIGN_STYLE = Automatic;
				INFOPLIST_FILE = HBO_Now/Info.plist;
				LD_RUNPATH_SEARCH_PATHS = (
					"$(inherited)",
					"@executable_path/Frameworks",
				);
				PRODUCT_BUNDLE_IDENTIFIER = "com.nibm.dream.HBO-Now";
				PRODUCT_NAME = "$(TARGET_NAME)";
				SWIFT_VERSION = 5.0;
				TARGETED_DEVICE_FAMILY = "1,2";
			};
			name = Release;
		};
		0AA3189823E148280033FF18 /* Debug */ = {
			isa = XCBuildConfiguration;
			buildSettings = {
				ALWAYS_EMBED_SWIFT_STANDARD_LIBRARIES = YES;
				BUNDLE_LOADER = "$(TEST_HOST)";
				CODE_SIGN_STYLE = Automatic;
				INFOPLIST_FILE = HBO_NowTests/Info.plist;
				LD_RUNPATH_SEARCH_PATHS = (
					"$(inherited)",
					"@executable_path/Frameworks",
					"@loader_path/Frameworks",
				);
				PRODUCT_BUNDLE_IDENTIFIER = "com.nibm.dream.HBO-NowTests";
				PRODUCT_NAME = "$(TARGET_NAME)";
				SWIFT_VERSION = 5.0;
				TARGETED_DEVICE_FAMILY = "1,2";
				TEST_HOST = "$(BUILT_PRODUCTS_DIR)/HBO_Now.app/HBO_Now";
			};
			name = Debug;
		};
		0AA3189923E148280033FF18 /* Release */ = {
			isa = XCBuildConfiguration;
			buildSettings = {
				ALWAYS_EMBED_SWIFT_STANDARD_LIBRARIES = YES;
				BUNDLE_LOADER = "$(TEST_HOST)";
				CODE_SIGN_STYLE = Automatic;
				INFOPLIST_FILE = HBO_NowTests/Info.plist;
				LD_RUNPATH_SEARCH_PATHS = (
					"$(inherited)",
					"@executable_path/Frameworks",
					"@loader_path/Frameworks",
				);
				PRODUCT_BUNDLE_IDENTIFIER = "com.nibm.dream.HBO-NowTests";
				PRODUCT_NAME = "$(TARGET_NAME)";
				SWIFT_VERSION = 5.0;
				TARGETED_DEVICE_FAMILY = "1,2";
				TEST_HOST = "$(BUILT_PRODUCTS_DIR)/HBO_Now.app/HBO_Now";
			};
			name = Release;
		};
		0AA3189B23E148280033FF18 /* Debug */ = {
			isa = XCBuildConfiguration;
			buildSettings = {
				ALWAYS_EMBED_SWIFT_STANDARD_LIBRARIES = YES;
				CODE_SIGN_STYLE = Automatic;
				INFOPLIST_FILE = HBO_NowUITests/Info.plist;
				LD_RUNPATH_SEARCH_PATHS = (
					"$(inherited)",
					"@executable_path/Frameworks",
					"@loader_path/Frameworks",
				);
				PRODUCT_BUNDLE_IDENTIFIER = "com.nibm.dream.HBO-NowUITests";
				PRODUCT_NAME = "$(TARGET_NAME)";
				SWIFT_VERSION = 5.0;
				TARGETED_DEVICE_FAMILY = "1,2";
				TEST_TARGET_NAME = HBO_Now;
			};
			name = Debug;
		};
		0AA3189C23E148280033FF18 /* Release */ = {
			isa = XCBuildConfiguration;
			buildSettings = {
				ALWAYS_EMBED_SWIFT_STANDARD_LIBRARIES = YES;
				CODE_SIGN_STYLE = Automatic;
				INFOPLIST_FILE = HBO_NowUITests/Info.plist;
				LD_RUNPATH_SEARCH_PATHS = (
					"$(inherited)",
					"@executable_path/Frameworks",
					"@loader_path/Frameworks",
				);
				PRODUCT_BUNDLE_IDENTIFIER = "com.nibm.dream.HBO-NowUITests";
				PRODUCT_NAME = "$(TARGET_NAME)";
				SWIFT_VERSION = 5.0;
				TARGETED_DEVICE_FAMILY = "1,2";
				TEST_TARGET_NAME = HBO_Now;
			};
			name = Release;
		};
/* End XCBuildConfiguration section */

/* Begin XCConfigurationList section */
		0AA3186723E148260033FF18 /* Build configuration list for PBXProject "HBO_Now" */ = {
			isa = XCConfigurationList;
			buildConfigurations = (
				0AA3189223E148280033FF18 /* Debug */,
				0AA3189323E148280033FF18 /* Release */,
			);
			defaultConfigurationIsVisible = 0;
			defaultConfigurationName = Release;
		};
		0AA3189423E148280033FF18 /* Build configuration list for PBXNativeTarget "HBO_Now" */ = {
			isa = XCConfigurationList;
			buildConfigurations = (
				0AA3189523E148280033FF18 /* Debug */,
				0AA3189623E148280033FF18 /* Release */,
			);
			defaultConfigurationIsVisible = 0;
			defaultConfigurationName = Release;
		};
		0AA3189723E148280033FF18 /* Build configuration list for PBXNativeTarget "HBO_NowTests" */ = {
			isa = XCConfigurationList;
			buildConfigurations = (
				0AA3189823E148280033FF18 /* Debug */,
				0AA3189923E148280033FF18 /* Release */,
			);
			defaultConfigurationIsVisible = 0;
			defaultConfigurationName = Release;
		};
		0AA3189A23E148280033FF18 /* Build configuration list for PBXNativeTarget "HBO_NowUITests" */ = {
			isa = XCConfigurationList;
			buildConfigurations = (
				0AA3189B23E148280033FF18 /* Debug */,
				0AA3189C23E148280033FF18 /* Release */,
			);
			defaultConfigurationIsVisible = 0;
			defaultConfigurationName = Release;
		};
/* End XCConfigurationList section */
	};
	rootObject = 0AA3186423E148260033FF18 /* Project object */;
}
